
Microsoft Visual Studio Solution File, Format Version 12.00
# Visual Studio 14
VisualStudioVersion = 14.0.25420.1
MinimumVisualStudioVersion = 10.0.40219.1
Project("{FAE04EC0-301F-11D3-BF4B-00C04F79EFBC}") = "EasyFlights.WebClient", "EasyFlights.WebClient\EasyFlights.WebClient.csproj", "{581187AC-2913-4096-BA86-C8DE5AEED944}"
EndProject
Project("{2150E333-8FDC-42A3-9474-1A3956D46DE8}") = "Web", "Web", "{734F8148-105D-45F7-8CD5-9784E77DDB01}"
EndProject
Project("{2150E333-8FDC-42A3-9474-1A3956D46DE8}") = "DAL", "DAL", "{D5E87983-8CFF-4D02-8E9C-3668D166D35A}"
EndProject
Project("{2150E333-8FDC-42A3-9474-1A3956D46DE8}") = "BLL", "BLL", "{02D084B6-D107-4FD4-985D-0482B81729C3}"
EndProject
Project("{FAE04EC0-301F-11D3-BF4B-00C04F79EFBC}") = "EasyFlights.Web", "EasyFlights.Web\EasyFlights.Web.csproj", "{FEDE72BC-8985-4DFA-A132-4962EA83E722}"
EndProject
Project("{FAE04EC0-301F-11D3-BF4B-00C04F79EFBC}") = "EasyFlights.Web.Tests", "EasyFlights.Web.Tests\EasyFlights.Web.Tests.csproj", "{0CE5C249-70D6-417D-9AA0-F00B9EBEF1EB}"
EndProject
Project("{FAE04EC0-301F-11D3-BF4B-00C04F79EFBC}") = "EasyFlights.DomainModel", "EasyFlights.DomainModel\EasyFlights.DomainModel.csproj", "{499631CA-1843-4D61-8EC8-B206A20236F7}"
EndProject
Project("{FAE04EC0-301F-11D3-BF4B-00C04F79EFBC}") = "EasyFlights.Data", "EasyFlights.Data\EasyFlights.Data.csproj", "{E5848801-9915-491A-913B-6C01FB9A818D}"
EndProject
Project("{FAE04EC0-301F-11D3-BF4B-00C04F79EFBC}") = "EasyFlights.Services", "EasyFlights.Services\EasyFlights.Services.csproj", "{DD2B32CB-28F0-4FB7-AE5F-9DBD59BB66BE}"
EndProject
Project("{FAE04EC0-301F-11D3-BF4B-00C04F79EFBC}") = "EasyFlights.Data.Tests", "EasyFlights.Data.Tests\EasyFlights.Data.Tests.csproj", "{B6359553-697C-40A5-A421-9003155DFC32}"
EndProject
Project("{FAE04EC0-301F-11D3-BF4B-00C04F79EFBC}") = "EasyFlights.Services.Tests", "EasyFlights.Services.Tests\EasyFlights.Services.Tests.csproj", "{6B0B2A98-D423-45FD-A71C-8F9ED53734F6}"
EndProject
Project("{FAE04EC0-301F-11D3-BF4B-00C04F79EFBC}") = "EasyFlights.Engines", "EasyFlights.Engines\EasyFlights.Engines.csproj", "{D1FBCCBC-2A9A-4395-9AB7-911548974692}"
EndProject
Project("{FAE04EC0-301F-11D3-BF4B-00C04F79EFBC}") = "EasyFlights.Engines.Tests", "EasyFlights.Engines.Tests\EasyFlights.Engines.Tests.csproj", "{EE4B3588-20C6-45AA-AB2E-5D69148916EB}"
EndProject
Global
	GlobalSection(SolutionConfigurationPlatforms) = preSolution
		Debug|Any CPU = Debug|Any CPU
		Release|Any CPU = Release|Any CPU
	EndGlobalSection
	GlobalSection(ProjectConfigurationPlatforms) = postSolution
		{581187AC-2913-4096-BA86-C8DE5AEED944}.Debug|Any CPU.ActiveCfg = Debug|Any CPU
		{581187AC-2913-4096-BA86-C8DE5AEED944}.Debug|Any CPU.Build.0 = Debug|Any CPU
		{581187AC-2913-4096-BA86-C8DE5AEED944}.Release|Any CPU.ActiveCfg = Release|Any CPU
		{581187AC-2913-4096-BA86-C8DE5AEED944}.Release|Any CPU.Build.0 = Release|Any CPU
		{FEDE72BC-8985-4DFA-A132-4962EA83E722}.Debug|Any CPU.ActiveCfg = Debug|Any CPU
		{FEDE72BC-8985-4DFA-A132-4962EA83E722}.Debug|Any CPU.Build.0 = Debug|Any CPU
		{FEDE72BC-8985-4DFA-A132-4962EA83E722}.Release|Any CPU.ActiveCfg = Release|Any CPU
		{FEDE72BC-8985-4DFA-A132-4962EA83E722}.Release|Any CPU.Build.0 = Release|Any CPU
		{0CE5C249-70D6-417D-9AA0-F00B9EBEF1EB}.Debug|Any CPU.ActiveCfg = Debug|Any CPU
		{0CE5C249-70D6-417D-9AA0-F00B9EBEF1EB}.Debug|Any CPU.Build.0 = Debug|Any CPU
		{0CE5C249-70D6-417D-9AA0-F00B9EBEF1EB}.Release|Any CPU.ActiveCfg = Release|Any CPU
		{0CE5C249-70D6-417D-9AA0-F00B9EBEF1EB}.Release|Any CPU.Build.0 = Release|Any CPU
		{499631CA-1843-4D61-8EC8-B206A20236F7}.Debug|Any CPU.ActiveCfg = Debug|Any CPU
		{499631CA-1843-4D61-8EC8-B206A20236F7}.Debug|Any CPU.Build.0 = Debug|Any CPU
		{499631CA-1843-4D61-8EC8-B206A20236F7}.Release|Any CPU.ActiveCfg = Release|Any CPU
		{499631CA-1843-4D61-8EC8-B206A20236F7}.Release|Any CPU.Build.0 = Release|Any CPU
		{E5848801-9915-491A-913B-6C01FB9A818D}.Debug|Any CPU.ActiveCfg = Debug|Any CPU
		{E5848801-9915-491A-913B-6C01FB9A818D}.Debug|Any CPU.Build.0 = Debug|Any CPU
		{E5848801-9915-491A-913B-6C01FB9A818D}.Release|Any CPU.ActiveCfg = Release|Any CPU
		{E5848801-9915-491A-913B-6C01FB9A818D}.Release|Any CPU.Build.0 = Release|Any CPU
		{DD2B32CB-28F0-4FB7-AE5F-9DBD59BB66BE}.Debug|Any CPU.ActiveCfg = Debug|Any CPU
		{DD2B32CB-28F0-4FB7-AE5F-9DBD59BB66BE}.Debug|Any CPU.Build.0 = Debug|Any CPU
		{DD2B32CB-28F0-4FB7-AE5F-9DBD59BB66BE}.Release|Any CPU.ActiveCfg = Release|Any CPU
		{DD2B32CB-28F0-4FB7-AE5F-9DBD59BB66BE}.Release|Any CPU.Build.0 = Release|Any CPU
		{B6359553-697C-40A5-A421-9003155DFC32}.Debug|Any CPU.ActiveCfg = Debug|Any CPU
		{B6359553-697C-40A5-A421-9003155DFC32}.Debug|Any CPU.Build.0 = Debug|Any CPU
		{B6359553-697C-40A5-A421-9003155DFC32}.Release|Any CPU.ActiveCfg = Release|Any CPU
		{B6359553-697C-40A5-A421-9003155DFC32}.Release|Any CPU.Build.0 = Release|Any CPU
		{6B0B2A98-D423-45FD-A71C-8F9ED53734F6}.Debug|Any CPU.ActiveCfg = Debug|Any CPU
		{6B0B2A98-D423-45FD-A71C-8F9ED53734F6}.Debug|Any CPU.Build.0 = Debug|Any CPU
		{6B0B2A98-D423-45FD-A71C-8F9ED53734F6}.Release|Any CPU.ActiveCfg = Release|Any CPU
		{6B0B2A98-D423-45FD-A71C-8F9ED53734F6}.Release|Any CPU.Build.0 = Release|Any CPU
		{D1FBCCBC-2A9A-4395-9AB7-911548974692}.Debug|Any CPU.ActiveCfg = Debug|Any CPU
		{D1FBCCBC-2A9A-4395-9AB7-911548974692}.Debug|Any CPU.Build.0 = Debug|Any CPU
		{D1FBCCBC-2A9A-4395-9AB7-911548974692}.Release|Any CPU.ActiveCfg = Release|Any CPU
		{D1FBCCBC-2A9A-4395-9AB7-911548974692}.Release|Any CPU.Build.0 = Release|Any CPU
		{EE4B3588-20C6-45AA-AB2E-5D69148916EB}.Debug|Any CPU.ActiveCfg = Debug|Any CPU
		{EE4B3588-20C6-45AA-AB2E-5D69148916EB}.Debug|Any CPU.Build.0 = Debug|Any CPU
		{EE4B3588-20C6-45AA-AB2E-5D69148916EB}.Release|Any CPU.ActiveCfg = Release|Any CPU
		{EE4B3588-20C6-45AA-AB2E-5D69148916EB}.Release|Any CPU.Build.0 = Release|Any CPU
	EndGlobalSection
	GlobalSection(SolutionProperties) = preSolution
		HideSolutionNode = FALSE
	EndGlobalSection
	GlobalSection(NestedProjects) = preSolution
		{581187AC-2913-4096-BA86-C8DE5AEED944} = {734F8148-105D-45F7-8CD5-9784E77DDB01}
		{FEDE72BC-8985-4DFA-A132-4962EA83E722} = {734F8148-105D-45F7-8CD5-9784E77DDB01}
		{0CE5C249-70D6-417D-9AA0-F00B9EBEF1EB} = {734F8148-105D-45F7-8CD5-9784E77DDB01}
		{499631CA-1843-4D61-8EC8-B206A20236F7} = {D5E87983-8CFF-4D02-8E9C-3668D166D35A}
		{E5848801-9915-491A-913B-6C01FB9A818D} = {D5E87983-8CFF-4D02-8E9C-3668D166D35A}
		{DD2B32CB-28F0-4FB7-AE5F-9DBD59BB66BE} = {02D084B6-D107-4FD4-985D-0482B81729C3}
		{B6359553-697C-40A5-A421-9003155DFC32} = {D5E87983-8CFF-4D02-8E9C-3668D166D35A}
		{6B0B2A98-D423-45FD-A71C-8F9ED53734F6} = {02D084B6-D107-4FD4-985D-0482B81729C3}
		{D1FBCCBC-2A9A-4395-9AB7-911548974692} = {02D084B6-D107-4FD4-985D-0482B81729C3}
		{EE4B3588-20C6-45AA-AB2E-5D69148916EB} = {02D084B6-D107-4FD4-985D-0482B81729C3}
	EndGlobalSection
EndGlobal
